
Microsoft Visual Studio Solution File, Format Version 12.00
# Visual Studio Version 16
VisualStudioVersion = 16.0.32228.343
MinimumVisualStudioVersion = 10.0.40219.1
Project("{8BC9CEB8-8B4A-11D0-8D11-00A0C91BC942}") = "algorithm33", "algorithm33.vcxproj", "{ABB1ABF8-A066-4549-BF14-9742A757EE31}"
EndProject
Global
	GlobalSection(SolutionConfigurationPlatforms) = preSolution
		Debug|x64 = Debug|x64
		Debug|x86 = Debug|x86
		Release|x64 = Release|x64
		Release|x86 = Release|x86
	EndGlobalSection
	GlobalSection(ProjectConfigurationPlatforms) = postSolution
		{ABB1ABF8-A066-4549-BF14-9742A757EE31}.Debug|x64.ActiveCfg = Debug|x64
		{ABB1ABF8-A066-4549-BF14-9742A757EE31}.Debug|x64.Build.0 = Debug|x64
		{ABB1ABF8-A066-4549-BF14-9742A757EE31}.Debug|x86.ActiveCfg = Debug|Win32
		{ABB1ABF8-A066-4549-BF14-9742A757EE31}.Debug|x86.Build.0 = Debug|Win32
		{ABB1ABF8-A066-4549-BF14-9742A757EE31}.Release|x64.ActiveCfg = Release|x64
		{ABB1ABF8-A066-4549-BF14-9742A757EE31}.Release|x64.Build.0 = Release|x64
		{ABB1ABF8-A066-4549-BF14-9742A757EE31}.Release|x86.ActiveCfg = Release|Win32
		{ABB1ABF8-A066-4549-BF14-9742A757EE31}.Release|x86.Build.0 = Release|Win32
	EndGlobalSection
	GlobalSection(SolutionProperties) = preSolution
		HideSolutionNode = FALSE
	EndGlobalSection
	GlobalSection(ExtensibilityGlobals) = postSolution
		SolutionGuid = {B5C38E48-A8B6-4C8F-AB8C-6499EBFC5A03}
	EndGlobalSection
EndGlobal
